
Microsoft Visual Studio Solution File, Format Version 12.00
# Visual Studio Version 16
VisualStudioVersion = 16.0.30711.63
MinimumVisualStudioVersion = 10.0.40219.1
Project("{9A19103F-16F7-4668-BE54-9A1E7A4F7556}") = "LSW1DebugPatcher", "LSW1DebugPatcher\LSW1DebugPatcher.csproj", "{7350BE24-C840-4B8D-A685-8769546D54AA}"
EndProject
Global
	GlobalSection(SolutionConfigurationPlatforms) = preSolution
		Debug|Any CPU = Debug|Any CPU
		Release|Any CPU = Release|Any CPU
	EndGlobalSection
	GlobalSection(ProjectConfigurationPlatforms) = postSolution
		{7350BE24-C840-4B8D-A685-8769546D54AA}.Debug|Any CPU.ActiveCfg = Debug|Any CPU
		{7350BE24-C840-4B8D-A685-8769546D54AA}.Debug|Any CPU.Build.0 = Debug|Any CPU
		{7350BE24-C840-4B8D-A685-8769546D54AA}.Release|Any CPU.ActiveCfg = Release|Any CPU
		{7350BE24-C840-4B8D-A685-8769546D54AA}.Release|Any CPU.Build.0 = Release|Any CPU
	EndGlobalSection
	GlobalSection(SolutionProperties) = preSolution
		HideSolutionNode = FALSE
	EndGlobalSection
	GlobalSection(ExtensibilityGlobals) = postSolution
		SolutionGuid = {035D0EF8-9DF3-4ED3-BC7F-135D67F3AD8C}
	EndGlobalSection
EndGlobal
